// !$*UTF8*$!
{
	archiveVersion = 1;
	classes = {
	};
	objectVersion = 50;
	objects = {

/* Begin PBXBuildFile section */
		303EA5C524D85ACE00ABA249 /* AppDelegate.swift in Sources */ = {isa = PBXBuildFile; fileRef = 303EA5C424D85ACE00ABA249 /* AppDelegate.swift */; };
		303EA5CE24D85AD400ABA249 /* Assets.xcassets in Resources */ = {isa = PBXBuildFile; fileRef = 303EA5CD24D85AD400ABA249 /* Assets.xcassets */; };
		303EA5D124D85AD400ABA249 /* LaunchScreen.storyboard in Resources */ = {isa = PBXBuildFile; fileRef = 303EA5CF24D85AD400ABA249 /* LaunchScreen.storyboard */; };
		303EA5DC24D85AD400ABA249 /* MynaLabsTestTests.swift in Sources */ = {isa = PBXBuildFile; fileRef = 303EA5DB24D85AD400ABA249 /* MynaLabsTestTests.swift */; };
		303EA5E724D85AD400ABA249 /* MynaLabsTestUITests.swift in Sources */ = {isa = PBXBuildFile; fileRef = 303EA5E624D85AD400ABA249 /* MynaLabsTestUITests.swift */; };
		303EA5FD24D8631A00ABA249 /* HomeViewController.swift in Sources */ = {isa = PBXBuildFile; fileRef = 303EA5FC24D8631A00ABA249 /* HomeViewController.swift */; };
		303EA5FF24D8636600ABA249 /* HomeModule+Assembly.swift in Sources */ = {isa = PBXBuildFile; fileRef = 303EA5FE24D8636600ABA249 /* HomeModule+Assembly.swift */; };
		303EA60124D863CD00ABA249 /* NavigationService.swift in Sources */ = {isa = PBXBuildFile; fileRef = 303EA60024D863CD00ABA249 /* NavigationService.swift */; };
		303EA60424D866E900ABA249 /* ViewHolder.swift in Sources */ = {isa = PBXBuildFile; fileRef = 303EA60324D866E900ABA249 /* ViewHolder.swift */; };
		303EA60624D8672400ABA249 /* HomeLayoutView.swift in Sources */ = {isa = PBXBuildFile; fileRef = 303EA60524D8672400ABA249 /* HomeLayoutView.swift */; };
		303EA60824D8676200ABA249 /* HomePresenter.swift in Sources */ = {isa = PBXBuildFile; fileRef = 303EA60724D8676200ABA249 /* HomePresenter.swift */; };
		303EA60A24D86F8800ABA249 /* Localizable.strings in Resources */ = {isa = PBXBuildFile; fileRef = 303EA60924D86F8800ABA249 /* Localizable.strings */; };
		303EA60E24D86FF000ABA249 /* String+Localized.swift in Sources */ = {isa = PBXBuildFile; fileRef = 303EA60D24D86FF000ABA249 /* String+Localized.swift */; };
		303EA61124D871AA00ABA249 /* Colors.swift in Sources */ = {isa = PBXBuildFile; fileRef = 303EA61024D871AA00ABA249 /* Colors.swift */; };
		303EA61424D8728100ABA249 /* UIColor+hex.swift in Sources */ = {isa = PBXBuildFile; fileRef = 303EA61324D8728100ABA249 /* UIColor+hex.swift */; };
		303EA61624D874FD00ABA249 /* Layout.swift in Sources */ = {isa = PBXBuildFile; fileRef = 303EA61524D874FD00ABA249 /* Layout.swift */; };
		3088C13424D94CD800411C8A /* AVAsset+IO.swift in Sources */ = {isa = PBXBuildFile; fileRef = 3088C13324D94CD800411C8A /* AVAsset+IO.swift */; };
/* End PBXBuildFile section */

/* Begin PBXContainerItemProxy section */
		303EA5D824D85AD400ABA249 /* PBXContainerItemProxy */ = {
			isa = PBXContainerItemProxy;
			containerPortal = 303EA5B924D85ACE00ABA249 /* Project object */;
			proxyType = 1;
			remoteGlobalIDString = 303EA5C024D85ACE00ABA249;
			remoteInfo = MynaLabsTest;
		};
		303EA5E324D85AD400ABA249 /* PBXContainerItemProxy */ = {
			isa = PBXContainerItemProxy;
			containerPortal = 303EA5B924D85ACE00ABA249 /* Project object */;
			proxyType = 1;
			remoteGlobalIDString = 303EA5C024D85ACE00ABA249;
			remoteInfo = MynaLabsTest;
		};
/* End PBXContainerItemProxy section */

/* Begin PBXFileReference section */
		303EA5C124D85ACE00ABA249 /* MynaLabsTest.app */ = {isa = PBXFileReference; explicitFileType = wrapper.application; includeInIndex = 0; path = MynaLabsTest.app; sourceTree = BUILT_PRODUCTS_DIR; };
		303EA5C424D85ACE00ABA249 /* AppDelegate.swift */ = {isa = PBXFileReference; lastKnownFileType = sourcecode.swift; path = AppDelegate.swift; sourceTree = "<group>"; };
		303EA5CD24D85AD400ABA249 /* Assets.xcassets */ = {isa = PBXFileReference; lastKnownFileType = folder.assetcatalog; path = Assets.xcassets; sourceTree = "<group>"; };
		303EA5D024D85AD400ABA249 /* Base */ = {isa = PBXFileReference; lastKnownFileType = file.storyboard; name = Base; path = Base.lproj/LaunchScreen.storyboard; sourceTree = "<group>"; };
		303EA5D224D85AD400ABA249 /* Info.plist */ = {isa = PBXFileReference; lastKnownFileType = text.plist.xml; path = Info.plist; sourceTree = "<group>"; };
		303EA5D724D85AD400ABA249 /* MynaLabsTestTests.xctest */ = {isa = PBXFileReference; explicitFileType = wrapper.cfbundle; includeInIndex = 0; path = MynaLabsTestTests.xctest; sourceTree = BUILT_PRODUCTS_DIR; };
		303EA5DB24D85AD400ABA249 /* MynaLabsTestTests.swift */ = {isa = PBXFileReference; lastKnownFileType = sourcecode.swift; path = MynaLabsTestTests.swift; sourceTree = "<group>"; };
		303EA5DD24D85AD400ABA249 /* Info.plist */ = {isa = PBXFileReference; lastKnownFileType = text.plist.xml; path = Info.plist; sourceTree = "<group>"; };
		303EA5E224D85AD400ABA249 /* MynaLabsTestUITests.xctest */ = {isa = PBXFileReference; explicitFileType = wrapper.cfbundle; includeInIndex = 0; path = MynaLabsTestUITests.xctest; sourceTree = BUILT_PRODUCTS_DIR; };
		303EA5E624D85AD400ABA249 /* MynaLabsTestUITests.swift */ = {isa = PBXFileReference; lastKnownFileType = sourcecode.swift; path = MynaLabsTestUITests.swift; sourceTree = "<group>"; };
		303EA5E824D85AD400ABA249 /* Info.plist */ = {isa = PBXFileReference; lastKnownFileType = text.plist.xml; path = Info.plist; sourceTree = "<group>"; };
		303EA5FC24D8631A00ABA249 /* HomeViewController.swift */ = {isa = PBXFileReference; lastKnownFileType = sourcecode.swift; path = HomeViewController.swift; sourceTree = "<group>"; };
		303EA5FE24D8636600ABA249 /* HomeModule+Assembly.swift */ = {isa = PBXFileReference; lastKnownFileType = sourcecode.swift; path = "HomeModule+Assembly.swift"; sourceTree = "<group>"; };
		303EA60024D863CD00ABA249 /* NavigationService.swift */ = {isa = PBXFileReference; lastKnownFileType = sourcecode.swift; path = NavigationService.swift; sourceTree = "<group>"; };
		303EA60324D866E900ABA249 /* ViewHolder.swift */ = {isa = PBXFileReference; lastKnownFileType = sourcecode.swift; path = ViewHolder.swift; sourceTree = "<group>"; };
		303EA60524D8672400ABA249 /* HomeLayoutView.swift */ = {isa = PBXFileReference; lastKnownFileType = sourcecode.swift; path = HomeLayoutView.swift; sourceTree = "<group>"; };
		303EA60724D8676200ABA249 /* HomePresenter.swift */ = {isa = PBXFileReference; lastKnownFileType = sourcecode.swift; path = HomePresenter.swift; sourceTree = "<group>"; };
		303EA60924D86F8800ABA249 /* Localizable.strings */ = {isa = PBXFileReference; lastKnownFileType = text.plist.strings; path = Localizable.strings; sourceTree = "<group>"; };
		303EA60D24D86FF000ABA249 /* String+Localized.swift */ = {isa = PBXFileReference; lastKnownFileType = sourcecode.swift; path = "String+Localized.swift"; sourceTree = "<group>"; };
		303EA61024D871AA00ABA249 /* Colors.swift */ = {isa = PBXFileReference; lastKnownFileType = sourcecode.swift; path = Colors.swift; sourceTree = "<group>"; };
		303EA61324D8728100ABA249 /* UIColor+hex.swift */ = {isa = PBXFileReference; lastKnownFileType = sourcecode.swift; path = "UIColor+hex.swift"; sourceTree = "<group>"; };
		303EA61524D874FD00ABA249 /* Layout.swift */ = {isa = PBXFileReference; lastKnownFileType = sourcecode.swift; path = Layout.swift; sourceTree = "<group>"; };
		3088C13324D94CD800411C8A /* AVAsset+IO.swift */ = {isa = PBXFileReference; lastKnownFileType = sourcecode.swift; path = "AVAsset+IO.swift"; sourceTree = "<group>"; };
/* End PBXFileReference section */

/* Begin PBXFrameworksBuildPhase section */
		303EA5BE24D85ACE00ABA249 /* Frameworks */ = {
			isa = PBXFrameworksBuildPhase;
			buildActionMask = 2147483647;
			files = (
			);
			runOnlyForDeploymentPostprocessing = 0;
		};
		303EA5D424D85AD400ABA249 /* Frameworks */ = {
			isa = PBXFrameworksBuildPhase;
			buildActionMask = 2147483647;
			files = (
			);
			runOnlyForDeploymentPostprocessing = 0;
		};
		303EA5DF24D85AD400ABA249 /* Frameworks */ = {
			isa = PBXFrameworksBuildPhase;
			buildActionMask = 2147483647;
			files = (
			);
			runOnlyForDeploymentPostprocessing = 0;
		};
/* End PBXFrameworksBuildPhase section */

/* Begin PBXGroup section */
		303EA5B824D85ACE00ABA249 = {
			isa = PBXGroup;
			children = (
				303EA5C324D85ACE00ABA249 /* MynaLabsTest */,
				303EA5DA24D85AD400ABA249 /* MynaLabsTestTests */,
				303EA5E524D85AD400ABA249 /* MynaLabsTestUITests */,
				303EA5C224D85ACE00ABA249 /* Products */,
			);
			sourceTree = "<group>";
		};
		303EA5C224D85ACE00ABA249 /* Products */ = {
			isa = PBXGroup;
			children = (
				303EA5C124D85ACE00ABA249 /* MynaLabsTest.app */,
				303EA5D724D85AD400ABA249 /* MynaLabsTestTests.xctest */,
				303EA5E224D85AD400ABA249 /* MynaLabsTestUITests.xctest */,
			);
			name = Products;
			sourceTree = "<group>";
		};
		303EA5C324D85ACE00ABA249 /* MynaLabsTest */ = {
			isa = PBXGroup;
			children = (
				303EA5F524D8621800ABA249 /* Application Layer */,
				303EA5F624D8625600ABA249 /* Presentation Layer */,
				303EA5F724D8626E00ABA249 /* Model */,
				303EA5F424D85E1400ABA249 /* Resources */,
			);
			path = MynaLabsTest;
			sourceTree = "<group>";
		};
		303EA5DA24D85AD400ABA249 /* MynaLabsTestTests */ = {
			isa = PBXGroup;
			children = (
				303EA5DB24D85AD400ABA249 /* MynaLabsTestTests.swift */,
				303EA5DD24D85AD400ABA249 /* Info.plist */,
			);
			path = MynaLabsTestTests;
			sourceTree = "<group>";
		};
		303EA5E524D85AD400ABA249 /* MynaLabsTestUITests */ = {
			isa = PBXGroup;
			children = (
				303EA5E624D85AD400ABA249 /* MynaLabsTestUITests.swift */,
				303EA5E824D85AD400ABA249 /* Info.plist */,
			);
			path = MynaLabsTestUITests;
			sourceTree = "<group>";
		};
		303EA5F424D85E1400ABA249 /* Resources */ = {
			isa = PBXGroup;
			children = (
				303EA5D224D85AD400ABA249 /* Info.plist */,
				303EA5CD24D85AD400ABA249 /* Assets.xcassets */,
				303EA5CF24D85AD400ABA249 /* LaunchScreen.storyboard */,
				303EA60924D86F8800ABA249 /* Localizable.strings */,
			);
			path = Resources;
			sourceTree = "<group>";
		};
		303EA5F524D8621800ABA249 /* Application Layer */ = {
			isa = PBXGroup;
			children = (
				303EA5C424D85ACE00ABA249 /* AppDelegate.swift */,
			);
			path = "Application Layer";
			sourceTree = "<group>";
		};
		303EA5F624D8625600ABA249 /* Presentation Layer */ = {
			isa = PBXGroup;
			children = (
				303EA61224D8727000ABA249 /* Extensions */,
				303EA60224D866CD00ABA249 /* Helpers */,
				303EA5F824D8629A00ABA249 /* Modules */,
				303EA60024D863CD00ABA249 /* NavigationService.swift */,
			);
			path = "Presentation Layer";
			sourceTree = "<group>";
		};
		303EA5F724D8626E00ABA249 /* Model */ = {
			isa = PBXGroup;
			children = (
			);
			path = Model;
			sourceTree = "<group>";
		};
		303EA5F824D8629A00ABA249 /* Modules */ = {
			isa = PBXGroup;
			children = (
				303EA5F924D862A000ABA249 /* Home module */,
			);
			path = Modules;
			sourceTree = "<group>";
		};
		303EA5F924D862A000ABA249 /* Home module */ = {
			isa = PBXGroup;
			children = (
				303EA5FB24D8630400ABA249 /* Presenter */,
				303EA5FA24D862F100ABA249 /* View */,
				303EA5FE24D8636600ABA249 /* HomeModule+Assembly.swift */,
			);
			path = "Home module";
			sourceTree = "<group>";
		};
		303EA5FA24D862F100ABA249 /* View */ = {
			isa = PBXGroup;
			children = (
				303EA5FC24D8631A00ABA249 /* HomeViewController.swift */,
				303EA60524D8672400ABA249 /* HomeLayoutView.swift */,
			);
			path = View;
			sourceTree = "<group>";
		};
		303EA5FB24D8630400ABA249 /* Presenter */ = {
			isa = PBXGroup;
			children = (
				303EA60724D8676200ABA249 /* HomePresenter.swift */,
			);
			path = Presenter;
			sourceTree = "<group>";
		};
		303EA60224D866CD00ABA249 /* Helpers */ = {
			isa = PBXGroup;
			children = (
				303EA61024D871AA00ABA249 /* Colors.swift */,
				303EA60324D866E900ABA249 /* ViewHolder.swift */,
				303EA60D24D86FF000ABA249 /* String+Localized.swift */,
				303EA61524D874FD00ABA249 /* Layout.swift */,
			);
			path = Helpers;
			sourceTree = "<group>";
		};
		303EA61224D8727000ABA249 /* Extensions */ = {
			isa = PBXGroup;
			children = (
				303EA61324D8728100ABA249 /* UIColor+hex.swift */,
				3088C13324D94CD800411C8A /* AVAsset+IO.swift */,
			);
			path = Extensions;
			sourceTree = "<group>";
		};
/* End PBXGroup section */

/* Begin PBXNativeTarget section */
		303EA5C024D85ACE00ABA249 /* MynaLabsTest */ = {
			isa = PBXNativeTarget;
			buildConfigurationList = 303EA5EB24D85AD400ABA249 /* Build configuration list for PBXNativeTarget "MynaLabsTest" */;
			buildPhases = (
				303EA5BD24D85ACE00ABA249 /* Sources */,
				303EA5BE24D85ACE00ABA249 /* Frameworks */,
				303EA5BF24D85ACE00ABA249 /* Resources */,
			);
			buildRules = (
			);
			dependencies = (
			);
			name = MynaLabsTest;
			productName = MynaLabsTest;
			productReference = 303EA5C124D85ACE00ABA249 /* MynaLabsTest.app */;
			productType = "com.apple.product-type.application";
		};
		303EA5D624D85AD400ABA249 /* MynaLabsTestTests */ = {
			isa = PBXNativeTarget;
			buildConfigurationList = 303EA5EE24D85AD400ABA249 /* Build configuration list for PBXNativeTarget "MynaLabsTestTests" */;
			buildPhases = (
				303EA5D324D85AD400ABA249 /* Sources */,
				303EA5D424D85AD400ABA249 /* Frameworks */,
				303EA5D524D85AD400ABA249 /* Resources */,
			);
			buildRules = (
			);
			dependencies = (
				303EA5D924D85AD400ABA249 /* PBXTargetDependency */,
			);
			name = MynaLabsTestTests;
			productName = MynaLabsTestTests;
			productReference = 303EA5D724D85AD400ABA249 /* MynaLabsTestTests.xctest */;
			productType = "com.apple.product-type.bundle.unit-test";
		};
		303EA5E124D85AD400ABA249 /* MynaLabsTestUITests */ = {
			isa = PBXNativeTarget;
			buildConfigurationList = 303EA5F124D85AD400ABA249 /* Build configuration list for PBXNativeTarget "MynaLabsTestUITests" */;
			buildPhases = (
				303EA5DE24D85AD400ABA249 /* Sources */,
				303EA5DF24D85AD400ABA249 /* Frameworks */,
				303EA5E024D85AD400ABA249 /* Resources */,
			);
			buildRules = (
			);
			dependencies = (
				303EA5E424D85AD400ABA249 /* PBXTargetDependency */,
			);
			name = MynaLabsTestUITests;
			productName = MynaLabsTestUITests;
			productReference = 303EA5E224D85AD400ABA249 /* MynaLabsTestUITests.xctest */;
			productType = "com.apple.product-type.bundle.ui-testing";
		};
/* End PBXNativeTarget section */

/* Begin PBXProject section */
		303EA5B924D85ACE00ABA249 /* Project object */ = {
			isa = PBXProject;
			attributes = {
				LastSwiftUpdateCheck = 1150;
				LastUpgradeCheck = 1150;
				ORGANIZATIONNAME = "Aleksandr Malina";
				TargetAttributes = {
					303EA5C024D85ACE00ABA249 = {
						CreatedOnToolsVersion = 11.5;
					};
					303EA5D624D85AD400ABA249 = {
						CreatedOnToolsVersion = 11.5;
						TestTargetID = 303EA5C024D85ACE00ABA249;
					};
					303EA5E124D85AD400ABA249 = {
						CreatedOnToolsVersion = 11.5;
						TestTargetID = 303EA5C024D85ACE00ABA249;
					};
				};
			};
			buildConfigurationList = 303EA5BC24D85ACE00ABA249 /* Build configuration list for PBXProject "MynaLabsTest" */;
			compatibilityVersion = "Xcode 9.3";
			developmentRegion = en;
			hasScannedForEncodings = 0;
			knownRegions = (
				en,
				Base,
			);
			mainGroup = 303EA5B824D85ACE00ABA249;
			productRefGroup = 303EA5C224D85ACE00ABA249 /* Products */;
			projectDirPath = "";
			projectRoot = "";
			targets = (
				303EA5C024D85ACE00ABA249 /* MynaLabsTest */,
				303EA5D624D85AD400ABA249 /* MynaLabsTestTests */,
				303EA5E124D85AD400ABA249 /* MynaLabsTestUITests */,
			);
		};
/* End PBXProject section */

/* Begin PBXResourcesBuildPhase section */
		303EA5BF24D85ACE00ABA249 /* Resources */ = {
			isa = PBXResourcesBuildPhase;
			buildActionMask = 2147483647;
			files = (
				303EA5D124D85AD400ABA249 /* LaunchScreen.storyboard in Resources */,
				303EA60A24D86F8800ABA249 /* Localizable.strings in Resources */,
				303EA5CE24D85AD400ABA249 /* Assets.xcassets in Resources */,
			);
			runOnlyForDeploymentPostprocessing = 0;
		};
		303EA5D524D85AD400ABA249 /* Resources */ = {
			isa = PBXResourcesBuildPhase;
			buildActionMask = 2147483647;
			files = (
			);
			runOnlyForDeploymentPostprocessing = 0;
		};
		303EA5E024D85AD400ABA249 /* Resources */ = {
			isa = PBXResourcesBuildPhase;
			buildActionMask = 2147483647;
			files = (
			);
			runOnlyForDeploymentPostprocessing = 0;
		};
/* End PBXResourcesBuildPhase section */

/* Begin PBXSourcesBuildPhase section */
		303EA5BD24D85ACE00ABA249 /* Sources */ = {
			isa = PBXSourcesBuildPhase;
			buildActionMask = 2147483647;
			files = (
				303EA60824D8676200ABA249 /* HomePresenter.swift in Sources */,
				3088C13424D94CD800411C8A /* AVAsset+IO.swift in Sources */,
				303EA61124D871AA00ABA249 /* Colors.swift in Sources */,
				303EA5FF24D8636600ABA249 /* HomeModule+Assembly.swift in Sources */,
				303EA60E24D86FF000ABA249 /* String+Localized.swift in Sources */,
				303EA60124D863CD00ABA249 /* NavigationService.swift in Sources */,
				303EA60424D866E900ABA249 /* ViewHolder.swift in Sources */,
				303EA60624D8672400ABA249 /* HomeLayoutView.swift in Sources */,
				303EA61624D874FD00ABA249 /* Layout.swift in Sources */,
				303EA61424D8728100ABA249 /* UIColor+hex.swift in Sources */,
				303EA5C524D85ACE00ABA249 /* AppDelegate.swift in Sources */,
				303EA5FD24D8631A00ABA249 /* HomeViewController.swift in Sources */,
			);
			runOnlyForDeploymentPostprocessing = 0;
		};
		303EA5D324D85AD400ABA249 /* Sources */ = {
			isa = PBXSourcesBuildPhase;
			buildActionMask = 2147483647;
			files = (
				303EA5DC24D85AD400ABA249 /* MynaLabsTestTests.swift in Sources */,
			);
			runOnlyForDeploymentPostprocessing = 0;
		};
		303EA5DE24D85AD400ABA249 /* Sources */ = {
			isa = PBXSourcesBuildPhase;
			buildActionMask = 2147483647;
			files = (
				303EA5E724D85AD400ABA249 /* MynaLabsTestUITests.swift in Sources */,
			);
			runOnlyForDeploymentPostprocessing = 0;
		};
/* End PBXSourcesBuildPhase section */

/* Begin PBXTargetDependency section */
		303EA5D924D85AD400ABA249 /* PBXTargetDependency */ = {
			isa = PBXTargetDependency;
			target = 303EA5C024D85ACE00ABA249 /* MynaLabsTest */;
			targetProxy = 303EA5D824D85AD400ABA249 /* PBXContainerItemProxy */;
		};
		303EA5E424D85AD400ABA249 /* PBXTargetDependency */ = {
			isa = PBXTargetDependency;
			target = 303EA5C024D85ACE00ABA249 /* MynaLabsTest */;
			targetProxy = 303EA5E324D85AD400ABA249 /* PBXContainerItemProxy */;
		};
/* End PBXTargetDependency section */

/* Begin PBXVariantGroup section */
		303EA5CF24D85AD400ABA249 /* LaunchScreen.storyboard */ = {
			isa = PBXVariantGroup;
			children = (
				303EA5D024D85AD400ABA249 /* Base */,
			);
			name = LaunchScreen.storyboard;
			sourceTree = "<group>";
		};
/* End PBXVariantGroup section */

/* Begin XCBuildConfiguration section */
		303EA5E924D85AD400ABA249 /* Debug */ = {
			isa = XCBuildConfiguration;
			buildSettings = {
				ALWAYS_SEARCH_USER_PATHS = NO;
				CLANG_ANALYZER_NONNULL = YES;
				CLANG_ANALYZER_NUMBER_OBJECT_CONVERSION = YES_AGGRESSIVE;
				CLANG_CXX_LANGUAGE_STANDARD = "gnu++14";
				CLANG_CXX_LIBRARY = "libc++";
				CLANG_ENABLE_MODULES = YES;
				CLANG_ENABLE_OBJC_ARC = YES;
				CLANG_ENABLE_OBJC_WEAK = YES;
				CLANG_WARN_BLOCK_CAPTURE_AUTORELEASING = YES;
				CLANG_WARN_BOOL_CONVERSION = YES;
				CLANG_WARN_COMMA = YES;
				CLANG_WARN_CONSTANT_CONVERSION = YES;
				CLANG_WARN_DEPRECATED_OBJC_IMPLEMENTATIONS = YES;
				CLANG_WARN_DIRECT_OBJC_ISA_USAGE = YES_ERROR;
				CLANG_WARN_DOCUMENTATION_COMMENTS = YES;
				CLANG_WARN_EMPTY_BODY = YES;
				CLANG_WARN_ENUM_CONVERSION = YES;
				CLANG_WARN_INFINITE_RECURSION = YES;
				CLANG_WARN_INT_CONVERSION = YES;
				CLANG_WARN_NON_LITERAL_NULL_CONVERSION = YES;
				CLANG_WARN_OBJC_IMPLICIT_RETAIN_SELF = YES;
				CLANG_WARN_OBJC_LITERAL_CONVERSION = YES;
				CLANG_WARN_OBJC_ROOT_CLASS = YES_ERROR;
				CLANG_WARN_RANGE_LOOP_ANALYSIS = YES;
				CLANG_WARN_STRICT_PROTOTYPES = YES;
				CLANG_WARN_SUSPICIOUS_MOVE = YES;
				CLANG_WARN_UNGUARDED_AVAILABILITY = YES_AGGRESSIVE;
				CLANG_WARN_UNREACHABLE_CODE = YES;
				CLANG_WARN__DUPLICATE_METHOD_MATCH = YES;
				COPY_PHASE_STRIP = NO;
				DEBUG_INFORMATION_FORMAT = dwarf;
				ENABLE_STRICT_OBJC_MSGSEND = YES;
				ENABLE_TESTABILITY = YES;
				GCC_C_LANGUAGE_STANDARD = gnu11;
				GCC_DYNAMIC_NO_PIC = NO;
				GCC_NO_COMMON_BLOCKS = YES;
				GCC_OPTIMIZATION_LEVEL = 0;
				GCC_PREPROCESSOR_DEFINITIONS = (
					"DEBUG=1",
					"$(inherited)",
				);
				GCC_WARN_64_TO_32_BIT_CONVERSION = YES;
				GCC_WARN_ABOUT_RETURN_TYPE = YES_ERROR;
				GCC_WARN_UNDECLARED_SELECTOR = YES;
				GCC_WARN_UNINITIALIZED_AUTOS = YES_AGGRESSIVE;
				GCC_WARN_UNUSED_FUNCTION = YES;
				GCC_WARN_UNUSED_VARIABLE = YES;
				IPHONEOS_DEPLOYMENT_TARGET = 13.5;
				MTL_ENABLE_DEBUG_INFO = INCLUDE_SOURCE;
				MTL_FAST_MATH = YES;
				ONLY_ACTIVE_ARCH = YES;
				SDKROOT = iphoneos;
				SWIFT_ACTIVE_COMPILATION_CONDITIONS = DEBUG;
				SWIFT_OPTIMIZATION_LEVEL = "-Onone";
			};
			name = Debug;
		};
		303EA5EA24D85AD400ABA249 /* Release */ = {
			isa = XCBuildConfiguration;
			buildSettings = {
				ALWAYS_SEARCH_USER_PATHS = NO;
				CLANG_ANALYZER_NONNULL = YES;
				CLANG_ANALYZER_NUMBER_OBJECT_CONVERSION = YES_AGGRESSIVE;
				CLANG_CXX_LANGUAGE_STANDARD = "gnu++14";
				CLANG_CXX_LIBRARY = "libc++";
				CLANG_ENABLE_MODULES = YES;
				CLANG_ENABLE_OBJC_ARC = YES;
				CLANG_ENABLE_OBJC_WEAK = YES;
				CLANG_WARN_BLOCK_CAPTURE_AUTORELEASING = YES;
				CLANG_WARN_BOOL_CONVERSION = YES;
				CLANG_WARN_COMMA = YES;
				CLANG_WARN_CONSTANT_CONVERSION = YES;
				CLANG_WARN_DEPRECATED_OBJC_IMPLEMENTATIONS = YES;
				CLANG_WARN_DIRECT_OBJC_ISA_USAGE = YES_ERROR;
				CLANG_WARN_DOCUMENTATION_COMMENTS = YES;
				CLANG_WARN_EMPTY_BODY = YES;
				CLANG_WARN_ENUM_CONVERSION = YES;
				CLANG_WARN_INFINITE_RECURSION = YES;
				CLANG_WARN_INT_CONVERSION = YES;
				CLANG_WARN_NON_LITERAL_NULL_CONVERSION = YES;
				CLANG_WARN_OBJC_IMPLICIT_RETAIN_SELF = YES;
				CLANG_WARN_OBJC_LITERAL_CONVERSION = YES;
				CLANG_WARN_OBJC_ROOT_CLASS = YES_ERROR;
				CLANG_WARN_RANGE_LOOP_ANALYSIS = YES;
				CLANG_WARN_STRICT_PROTOTYPES = YES;
				CLANG_WARN_SUSPICIOUS_MOVE = YES;
				CLANG_WARN_UNGUARDED_AVAILABILITY = YES_AGGRESSIVE;
				CLANG_WARN_UNREACHABLE_CODE = YES;
				CLANG_WARN__DUPLICATE_METHOD_MATCH = YES;
				COPY_PHASE_STRIP = NO;
				DEBUG_INFORMATION_FORMAT = "dwarf-with-dsym";
				ENABLE_NS_ASSERTIONS = NO;
				ENABLE_STRICT_OBJC_MSGSEND = YES;
				GCC_C_LANGUAGE_STANDARD = gnu11;
				GCC_NO_COMMON_BLOCKS = YES;
				GCC_WARN_64_TO_32_BIT_CONVERSION = YES;
				GCC_WARN_ABOUT_RETURN_TYPE = YES_ERROR;
				GCC_WARN_UNDECLARED_SELECTOR = YES;
				GCC_WARN_UNINITIALIZED_AUTOS = YES_AGGRESSIVE;
				GCC_WARN_UNUSED_FUNCTION = YES;
				GCC_WARN_UNUSED_VARIABLE = YES;
				IPHONEOS_DEPLOYMENT_TARGET = 13.5;
				MTL_ENABLE_DEBUG_INFO = NO;
				MTL_FAST_MATH = YES;
				SDKROOT = iphoneos;
				SWIFT_COMPILATION_MODE = wholemodule;
				SWIFT_OPTIMIZATION_LEVEL = "-O";
				VALIDATE_PRODUCT = YES;
			};
			name = Release;
		};
		303EA5EC24D85AD400ABA249 /* Debug */ = {
			isa = XCBuildConfiguration;
			buildSettings = {
				ASSETCATALOG_COMPILER_APPICON_NAME = AppIcon;
				CODE_SIGN_STYLE = Automatic;
				DEVELOPMENT_TEAM = DTB9AB3293;
				INFOPLIST_FILE = MynaLabsTest/Resources/Info.plist;
				IPHONEOS_DEPLOYMENT_TARGET = 12.0;
				LD_RUNPATH_SEARCH_PATHS = (
					"$(inherited)",
					"@executable_path/Frameworks",
				);
				PRODUCT_BUNDLE_IDENTIFIER = com.malina.MynaLabsTest;
				PRODUCT_NAME = "$(TARGET_NAME)";
				SWIFT_VERSION = 5.0;
				TARGETED_DEVICE_FAMILY = 1;
			};
			name = Debug;
		};
		303EA5ED24D85AD400ABA249 /* Release */ = {
			isa = XCBuildConfiguration;
			buildSettings = {
				ASSETCATALOG_COMPILER_APPICON_NAME = AppIcon;
				CODE_SIGN_STYLE = Automatic;
				DEVELOPMENT_TEAM = DTB9AB3293;
				INFOPLIST_FILE = MynaLabsTest/Resources/Info.plist;
				IPHONEOS_DEPLOYMENT_TARGET = 12.0;
				LD_RUNPATH_SEARCH_PATHS = (
					"$(inherited)",
					"@executable_path/Frameworks",
				);
				PRODUCT_BUNDLE_IDENTIFIER = com.malina.MynaLabsTest;
				PRODUCT_NAME = "$(TARGET_NAME)";
				SWIFT_VERSION = 5.0;
				TARGETED_DEVICE_FAMILY = 1;
			};
			name = Release;
		};
		303EA5EF24D85AD400ABA249 /* Debug */ = {
			isa = XCBuildConfiguration;
			buildSettings = {
				ALWAYS_EMBED_SWIFT_STANDARD_LIBRARIES = YES;
				BUNDLE_LOADER = "$(TEST_HOST)";
				CODE_SIGN_STYLE = Automatic;
				DEVELOPMENT_TEAM = DTB9AB3293;
				INFOPLIST_FILE = MynaLabsTestTests/Info.plist;
				IPHONEOS_DEPLOYMENT_TARGET = 13.5;
				LD_RUNPATH_SEARCH_PATHS = (
					"$(inherited)",
					"@executable_path/Frameworks",
					"@loader_path/Frameworks",
				);
				PRODUCT_BUNDLE_IDENTIFIER = com.malina.MynaLabsTestTests;
				PRODUCT_NAME = "$(TARGET_NAME)";
				SWIFT_VERSION = 5.0;
				TARGETED_DEVICE_FAMILY = "1,2";
				TEST_HOST = "$(BUILT_PRODUCTS_DIR)/MynaLabsTest.app/MynaLabsTest";
			};
			name = Debug;
		};
		303EA5F024D85AD400ABA249 /* Release */ = {
			isa = XCBuildConfiguration;
			buildSettings = {
				ALWAYS_EMBED_SWIFT_STANDARD_LIBRARIES = YES;
				BUNDLE_LOADER = "$(TEST_HOST)";
				CODE_SIGN_STYLE = Automatic;
				DEVELOPMENT_TEAM = DTB9AB3293;
				INFOPLIST_FILE = MynaLabsTestTests/Info.plist;
				IPHONEOS_DEPLOYMENT_TARGET = 13.5;
				LD_RUNPATH_SEARCH_PATHS = (
					"$(inherited)",
					"@executable_path/Frameworks",
					"@loader_path/Frameworks",
				);
				PRODUCT_BUNDLE_IDENTIFIER = com.malina.MynaLabsTestTests;
				PRODUCT_NAME = "$(TARGET_NAME)";
				SWIFT_VERSION = 5.0;
				TARGETED_DEVICE_FAMILY = "1,2";
				TEST_HOST = "$(BUILT_PRODUCTS_DIR)/MynaLabsTest.app/MynaLabsTest";
			};
			name = Release;
		};
		303EA5F224D85AD400ABA249 /* Debug */ = {
			isa = XCBuildConfiguration;
			buildSettings = {
				ALWAYS_EMBED_SWIFT_STANDARD_LIBRARIES = YES;
				CODE_SIGN_STYLE = Automatic;
				DEVELOPMENT_TEAM = DTB9AB3293;
				INFOPLIST_FILE = MynaLabsTestUITests/Info.plist;
				LD_RUNPATH_SEARCH_PATHS = (
					"$(inherited)",
					"@executable_path/Frameworks",
					"@loader_path/Frameworks",
				);
				PRODUCT_BUNDLE_IDENTIFIER = com.malina.MynaLabsTestUITests;
				PRODUCT_NAME = "$(TARGET_NAME)";
				SWIFT_VERSION = 5.0;
				TARGETED_DEVICE_FAMILY = "1,2";
				TEST_TARGET_NAME = MynaLabsTest;
			};
			name = Debug;
		};
		303EA5F324D85AD400ABA249 /* Release */ = {
			isa = XCBuildConfiguration;
			buildSettings = {
				ALWAYS_EMBED_SWIFT_STANDARD_LIBRARIES = YES;
				CODE_SIGN_STYLE = Automatic;
				DEVELOPMENT_TEAM = DTB9AB3293;
				INFOPLIST_FILE = MynaLabsTestUITests/Info.plist;
				LD_RUNPATH_SEARCH_PATHS = (
					"$(inherited)",
					"@executable_path/Frameworks",
					"@loader_path/Frameworks",
				);
				PRODUCT_BUNDLE_IDENTIFIER = com.malina.MynaLabsTestUITests;
				PRODUCT_NAME = "$(TARGET_NAME)";
				SWIFT_VERSION = 5.0;
				TARGETED_DEVICE_FAMILY = "1,2";
				TEST_TARGET_NAME = MynaLabsTest;
			};
			name = Release;
		};
/* End XCBuildConfiguration section */

/* Begin XCConfigurationList section */
		303EA5BC24D85ACE00ABA249 /* Build configuration list for PBXProject "MynaLabsTest" */ = {
			isa = XCConfigurationList;
			buildConfigurations = (
				303EA5E924D85AD400ABA249 /* Debug */,
				303EA5EA24D85AD400ABA249 /* Release */,
			);
			defaultConfigurationIsVisible = 0;
			defaultConfigurationName = Release;
		};
		303EA5EB24D85AD400ABA249 /* Build configuration list for PBXNativeTarget "MynaLabsTest" */ = {
			isa = XCConfigurationList;
			buildConfigurations = (
				303EA5EC24D85AD400ABA249 /* Debug */,
				303EA5ED24D85AD400ABA249 /* Release */,
			);
			defaultConfigurationIsVisible = 0;
			defaultConfigurationName = Release;
		};
		303EA5EE24D85AD400ABA249 /* Build configuration list for PBXNativeTarget "MynaLabsTestTests" */ = {
			isa = XCConfigurationList;
			buildConfigurations = (
				303EA5EF24D85AD400ABA249 /* Debug */,
				303EA5F024D85AD400ABA249 /* Release */,
			);
			defaultConfigurationIsVisible = 0;
			defaultConfigurationName = Release;
		};
		303EA5F124D85AD400ABA249 /* Build configuration list for PBXNativeTarget "MynaLabsTestUITests" */ = {
			isa = XCConfigurationList;
			buildConfigurations = (
				303EA5F224D85AD400ABA249 /* Debug */,
				303EA5F324D85AD400ABA249 /* Release */,
			);
			defaultConfigurationIsVisible = 0;
			defaultConfigurationName = Release;
		};
/* End XCConfigurationList section */
	};
	rootObject = 303EA5B924D85ACE00ABA249 /* Project object */;
}
